// !$*UTF8*$!
{
	archiveVersion = 1;
	classes = {
	};
	objectVersion = 48;
	objects = {

/* Begin PBXBuildFile section */
		3506E310201A923D00CB9ACD /* Realm.framework in Frameworks */ = {isa = PBXBuildFile; fileRef = 3506E30E201A923C00CB9ACD /* Realm.framework */; };
		3506E311201A923D00CB9ACD /* Realm.framework in Embed Frameworks */ = {isa = PBXBuildFile; fileRef = 3506E30E201A923C00CB9ACD /* Realm.framework */; settings = {ATTRIBUTES = (CodeSignOnCopy, RemoveHeadersOnCopy, ); }; };
		3506E312201A923D00CB9ACD /* RealmSwift.framework in Frameworks */ = {isa = PBXBuildFile; fileRef = 3506E30F201A923D00CB9ACD /* RealmSwift.framework */; };
		3506E313201A923D00CB9ACD /* RealmSwift.framework in Embed Frameworks */ = {isa = PBXBuildFile; fileRef = 3506E30F201A923D00CB9ACD /* RealmSwift.framework */; settings = {ATTRIBUTES = (CodeSignOnCopy, RemoveHeadersOnCopy, ); }; };
		3506E317201B843000CB9ACD /* RealmManager.swift in Sources */ = {isa = PBXBuildFile; fileRef = 3506E316201B843000CB9ACD /* RealmManager.swift */; };
		35D421AF2019FF07006FA546 /* AppDelegate.swift in Sources */ = {isa = PBXBuildFile; fileRef = 35D421AE2019FF07006FA546 /* AppDelegate.swift */; };
		35D421B12019FF07006FA546 /* GettySearchViewController.swift in Sources */ = {isa = PBXBuildFile; fileRef = 35D421B02019FF07006FA546 /* GettySearchViewController.swift */; };
		35D421B62019FF07006FA546 /* Assets.xcassets in Resources */ = {isa = PBXBuildFile; fileRef = 35D421B52019FF07006FA546 /* Assets.xcassets */; };
		35D421B92019FF07006FA546 /* LaunchScreen.storyboard in Resources */ = {isa = PBXBuildFile; fileRef = 35D421B72019FF07006FA546 /* LaunchScreen.storyboard */; };
		35D421C1201A2737006FA546 /* RecordTableViewCell.swift in Sources */ = {isa = PBXBuildFile; fileRef = 35D421C0201A2737006FA546 /* RecordTableViewCell.swift */; };
		35D421C3201A27E5006FA546 /* GettySearchRecord.swift in Sources */ = {isa = PBXBuildFile; fileRef = 35D421C2201A27E5006FA546 /* GettySearchRecord.swift */; };
		35D421C5201A34C0006FA546 /* RequestBuilder.swift in Sources */ = {isa = PBXBuildFile; fileRef = 35D421C4201A34C0006FA546 /* RequestBuilder.swift */; };
		35D421C7201A34CB006FA546 /* RequestManager.swift in Sources */ = {isa = PBXBuildFile; fileRef = 35D421C6201A34CB006FA546 /* RequestManager.swift */; };
/* End PBXBuildFile section */

/* Begin PBXCopyFilesBuildPhase section */
		3506E30C201A882100CB9ACD /* Embed Frameworks */ = {
			isa = PBXCopyFilesBuildPhase;
			buildActionMask = 2147483647;
			dstPath = "";
			dstSubfolderSpec = 10;
			files = (
				3506E313201A923D00CB9ACD /* RealmSwift.framework in Embed Frameworks */,
				3506E311201A923D00CB9ACD /* Realm.framework in Embed Frameworks */,
			);
			name = "Embed Frameworks";
			runOnlyForDeploymentPostprocessing = 0;
		};
/* End PBXCopyFilesBuildPhase section */

/* Begin PBXFileReference section */
		3506E30E201A923C00CB9ACD /* Realm.framework */ = {isa = PBXFileReference; lastKnownFileType = wrapper.framework; path = Realm.framework; sourceTree = "<group>"; };
		3506E30F201A923D00CB9ACD /* RealmSwift.framework */ = {isa = PBXFileReference; lastKnownFileType = wrapper.framework; path = RealmSwift.framework; sourceTree = "<group>"; };
		3506E316201B843000CB9ACD /* RealmManager.swift */ = {isa = PBXFileReference; lastKnownFileType = sourcecode.swift; path = RealmManager.swift; sourceTree = "<group>"; };
		35D421AB2019FF07006FA546 /* MovaGettySearch.app */ = {isa = PBXFileReference; explicitFileType = wrapper.application; includeInIndex = 0; path = MovaGettySearch.app; sourceTree = BUILT_PRODUCTS_DIR; };
		35D421AE2019FF07006FA546 /* AppDelegate.swift */ = {isa = PBXFileReference; lastKnownFileType = sourcecode.swift; path = AppDelegate.swift; sourceTree = "<group>"; };
		35D421B02019FF07006FA546 /* GettySearchViewController.swift */ = {isa = PBXFileReference; lastKnownFileType = sourcecode.swift; path = GettySearchViewController.swift; sourceTree = "<group>"; };
		35D421B52019FF07006FA546 /* Assets.xcassets */ = {isa = PBXFileReference; lastKnownFileType = folder.assetcatalog; path = Assets.xcassets; sourceTree = "<group>"; };
		35D421B82019FF07006FA546 /* Base */ = {isa = PBXFileReference; lastKnownFileType = file.storyboard; name = Base; path = Base.lproj/LaunchScreen.storyboard; sourceTree = "<group>"; };
		35D421BA2019FF07006FA546 /* Info.plist */ = {isa = PBXFileReference; lastKnownFileType = text.plist.xml; path = Info.plist; sourceTree = "<group>"; };
		35D421C0201A2737006FA546 /* RecordTableViewCell.swift */ = {isa = PBXFileReference; lastKnownFileType = sourcecode.swift; path = RecordTableViewCell.swift; sourceTree = "<group>"; };
		35D421C2201A27E5006FA546 /* GettySearchRecord.swift */ = {isa = PBXFileReference; lastKnownFileType = sourcecode.swift; path = GettySearchRecord.swift; sourceTree = "<group>"; };
		35D421C4201A34C0006FA546 /* RequestBuilder.swift */ = {isa = PBXFileReference; lastKnownFileType = sourcecode.swift; path = RequestBuilder.swift; sourceTree = "<group>"; };
		35D421C6201A34CB006FA546 /* RequestManager.swift */ = {isa = PBXFileReference; lastKnownFileType = sourcecode.swift; path = RequestManager.swift; sourceTree = "<group>"; };
/* End PBXFileReference section */

/* Begin PBXFrameworksBuildPhase section */
		35D421A82019FF07006FA546 /* Frameworks */ = {
			isa = PBXFrameworksBuildPhase;
			buildActionMask = 2147483647;
			files = (
				3506E312201A923D00CB9ACD /* RealmSwift.framework in Frameworks */,
				3506E310201A923D00CB9ACD /* Realm.framework in Frameworks */,
			);
			runOnlyForDeploymentPostprocessing = 0;
		};
/* End PBXFrameworksBuildPhase section */

/* Begin PBXGroup section */
		3506E314201B423900CB9ACD /* Supporting Files */ = {
			isa = PBXGroup;
			children = (
				35D421AE2019FF07006FA546 /* AppDelegate.swift */,
				35D421B52019FF07006FA546 /* Assets.xcassets */,
				35D421B72019FF07006FA546 /* LaunchScreen.storyboard */,
				35D421BA2019FF07006FA546 /* Info.plist */,
			);
			path = "Supporting Files";
			sourceTree = "<group>";
		};
		3506E315201B437C00CB9ACD /* API */ = {
			isa = PBXGroup;
			children = (
				35D421C4201A34C0006FA546 /* RequestBuilder.swift */,
				35D421C6201A34CB006FA546 /* RequestManager.swift */,
			);
			path = API;
			sourceTree = "<group>";
		};
		35D421A22019FF07006FA546 = {
			isa = PBXGroup;
			children = (
				3506E30E201A923C00CB9ACD /* Realm.framework */,
				3506E30F201A923D00CB9ACD /* RealmSwift.framework */,
				35D421AD2019FF07006FA546 /* MovaGettySearch */,
				35D421AC2019FF07006FA546 /* Products */,
			);
			sourceTree = "<group>";
		};
		35D421AC2019FF07006FA546 /* Products */ = {
			isa = PBXGroup;
			children = (
				35D421AB2019FF07006FA546 /* MovaGettySearch.app */,
			);
			name = Products;
			sourceTree = "<group>";
		};
		35D421AD2019FF07006FA546 /* MovaGettySearch */ = {
			isa = PBXGroup;
			children = (
				3506E314201B423900CB9ACD /* Supporting Files */,
				3506E315201B437C00CB9ACD /* API */,
				35D421B02019FF07006FA546 /* GettySearchViewController.swift */,
				3506E316201B843000CB9ACD /* RealmManager.swift */,
				35D421C0201A2737006FA546 /* RecordTableViewCell.swift */,
				35D421C2201A27E5006FA546 /* GettySearchRecord.swift */,
			);
			path = MovaGettySearch;
			sourceTree = "<group>";
		};
/* End PBXGroup section */

/* Begin PBXNativeTarget section */
		35D421AA2019FF07006FA546 /* MovaGettySearch */ = {
			isa = PBXNativeTarget;
			buildConfigurationList = 35D421BD2019FF07006FA546 /* Build configuration list for PBXNativeTarget "MovaGettySearch" */;
			buildPhases = (
				35D421A72019FF07006FA546 /* Sources */,
				35D421A82019FF07006FA546 /* Frameworks */,
				35D421A92019FF07006FA546 /* Resources */,
				3506E30C201A882100CB9ACD /* Embed Frameworks */,
				3506E30D201A886900CB9ACD /* Realm */,
			);
			buildRules = (
			);
			dependencies = (
			);
			name = MovaGettySearch;
			productName = MovaGettySearch;
			productReference = 35D421AB2019FF07006FA546 /* MovaGettySearch.app */;
			productType = "com.apple.product-type.application";
		};
/* End PBXNativeTarget section */

/* Begin PBXProject section */
		35D421A32019FF07006FA546 /* Project object */ = {
			isa = PBXProject;
			attributes = {
				LastSwiftUpdateCheck = 0920;
				LastUpgradeCheck = 0920;
				ORGANIZATIONNAME = misesin;
				TargetAttributes = {
					35D421AA2019FF07006FA546 = {
						CreatedOnToolsVersion = 9.2;
						ProvisioningStyle = Automatic;
					};
				};
			};
			buildConfigurationList = 35D421A62019FF07006FA546 /* Build configuration list for PBXProject "MovaGettySearch" */;
			compatibilityVersion = "Xcode 8.0";
			developmentRegion = en;
			hasScannedForEncodings = 0;
			knownRegions = (
				en,
				Base,
			);
			mainGroup = 35D421A22019FF07006FA546;
			productRefGroup = 35D421AC2019FF07006FA546 /* Products */;
			projectDirPath = "";
			projectRoot = "";
			targets = (
				35D421AA2019FF07006FA546 /* MovaGettySearch */,
			);
		};
/* End PBXProject section */

/* Begin PBXResourcesBuildPhase section */
		35D421A92019FF07006FA546 /* Resources */ = {
			isa = PBXResourcesBuildPhase;
			buildActionMask = 2147483647;
			files = (
				35D421B92019FF07006FA546 /* LaunchScreen.storyboard in Resources */,
				35D421B62019FF07006FA546 /* Assets.xcassets in Resources */,
			);
			runOnlyForDeploymentPostprocessing = 0;
		};
/* End PBXResourcesBuildPhase section */

/* Begin PBXShellScriptBuildPhase section */
		3506E30D201A886900CB9ACD /* Realm */ = {
			isa = PBXShellScriptBuildPhase;
			buildActionMask = 2147483647;
			files = (
			);
			inputPaths = (
			);
			name = Realm;
			outputPaths = (
			);
			runOnlyForDeploymentPostprocessing = 0;
			shellPath = /bin/sh;
			shellScript = "bash \"${BUILT_PRODUCTS_DIR}/${FRAMEWORKS_FOLDER_PATH}/Realm.framework/strip-frameworks.sh\"";
		};
/* End PBXShellScriptBuildPhase section */

/* Begin PBXSourcesBuildPhase section */
		35D421A72019FF07006FA546 /* Sources */ = {
			isa = PBXSourcesBuildPhase;
			buildActionMask = 2147483647;
			files = (
				35D421C5201A34C0006FA546 /* RequestBuilder.swift in Sources */,
				35D421C3201A27E5006FA546 /* GettySearchRecord.swift in Sources */,
				35D421B12019FF07006FA546 /* GettySearchViewController.swift in Sources */,
				35D421C7201A34CB006FA546 /* RequestManager.swift in Sources */,
				35D421AF2019FF07006FA546 /* AppDelegate.swift in Sources */,
				3506E317201B843000CB9ACD /* RealmManager.swift in Sources */,
				35D421C1201A2737006FA546 /* RecordTableViewCell.swift in Sources */,
			);
			runOnlyForDeploymentPostprocessing = 0;
		};
/* End PBXSourcesBuildPhase section */

/* Begin PBXVariantGroup section */
		35D421B72019FF07006FA546 /* LaunchScreen.storyboard */ = {
			isa = PBXVariantGroup;
			children = (
				35D421B82019FF07006FA546 /* Base */,
			);
			name = LaunchScreen.storyboard;
			sourceTree = "<group>";
		};
/* End PBXVariantGroup section */

/* Begin XCBuildConfiguration section */
		35D421BB2019FF07006FA546 /* Debug */ = {
			isa = XCBuildConfiguration;
			buildSettings = {
				ALWAYS_SEARCH_USER_PATHS = NO;
				CLANG_ANALYZER_NONNULL = YES;
				CLANG_ANALYZER_NUMBER_OBJECT_CONVERSION = YES_AGGRESSIVE;
				CLANG_CXX_LANGUAGE_STANDARD = "gnu++14";
				CLANG_CXX_LIBRARY = "libc++";
				CLANG_ENABLE_MODULES = YES;
				CLANG_ENABLE_OBJC_ARC = YES;
				CLANG_WARN_BLOCK_CAPTURE_AUTORELEASING = YES;
				CLANG_WARN_BOOL_CONVERSION = YES;
				CLANG_WARN_COMMA = YES;
				CLANG_WARN_CONSTANT_CONVERSION = YES;
				CLANG_WARN_DIRECT_OBJC_ISA_USAGE = YES_ERROR;
				CLANG_WARN_DOCUMENTATION_COMMENTS = YES;
				CLANG_WARN_EMPTY_BODY = YES;
				CLANG_WARN_ENUM_CONVERSION = YES;
				CLANG_WARN_INFINITE_RECURSION = YES;
				CLANG_WARN_INT_CONVERSION = YES;
				CLANG_WARN_NON_LITERAL_NULL_CONVERSION = YES;
				CLANG_WARN_OBJC_LITERAL_CONVERSION = YES;
				CLANG_WARN_OBJC_ROOT_CLASS = YES_ERROR;
				CLANG_WARN_RANGE_LOOP_ANALYSIS = YES;
				CLANG_WARN_STRICT_PROTOTYPES = YES;
				CLANG_WARN_SUSPICIOUS_MOVE = YES;
				CLANG_WARN_UNGUARDED_AVAILABILITY = YES_AGGRESSIVE;
				CLANG_WARN_UNREACHABLE_CODE = YES;
				CLANG_WARN__DUPLICATE_METHOD_MATCH = YES;
				CODE_SIGN_IDENTITY = "iPhone Developer";
				COPY_PHASE_STRIP = NO;
				DEBUG_INFORMATION_FORMAT = dwarf;
				ENABLE_STRICT_OBJC_MSGSEND = YES;
				ENABLE_TESTABILITY = YES;
				GCC_C_LANGUAGE_STANDARD = gnu11;
				GCC_DYNAMIC_NO_PIC = NO;
				GCC_NO_COMMON_BLOCKS = YES;
				GCC_OPTIMIZATION_LEVEL = 0;
				GCC_PREPROCESSOR_DEFINITIONS = (
					"DEBUG=1",
					"$(inherited)",
				);
				GCC_WARN_64_TO_32_BIT_CONVERSION = YES;
				GCC_WARN_ABOUT_RETURN_TYPE = YES_ERROR;
				GCC_WARN_UNDECLARED_SELECTOR = YES;
				GCC_WARN_UNINITIALIZED_AUTOS = YES_AGGRESSIVE;
				GCC_WARN_UNUSED_FUNCTION = YES;
				GCC_WARN_UNUSED_VARIABLE = YES;
				IPHONEOS_DEPLOYMENT_TARGET = 11.2;
				MTL_ENABLE_DEBUG_INFO = YES;
				ONLY_ACTIVE_ARCH = YES;
				SDKROOT = iphoneos;
				SWIFT_ACTIVE_COMPILATION_CONDITIONS = DEBUG;
				SWIFT_OPTIMIZATION_LEVEL = "-Onone";
			};
			name = Debug;
		};
		35D421BC2019FF07006FA546 /* Release */ = {
			isa = XCBuildConfiguration;
			buildSettings = {
				ALWAYS_SEARCH_USER_PATHS = NO;
				CLANG_ANALYZER_NONNULL = YES;
				CLANG_ANALYZER_NUMBER_OBJECT_CONVERSION = YES_AGGRESSIVE;
				CLANG_CXX_LANGUAGE_STANDARD = "gnu++14";
				CLANG_CXX_LIBRARY = "libc++";
				CLANG_ENABLE_MODULES = YES;
				CLANG_ENABLE_OBJC_ARC = YES;
				CLANG_WARN_BLOCK_CAPTURE_AUTORELEASING = YES;
				CLANG_WARN_BOOL_CONVERSION = YES;
				CLANG_WARN_COMMA = YES;
				CLANG_WARN_CONSTANT_CONVERSION = YES;
				CLANG_WARN_DIRECT_OBJC_ISA_USAGE = YES_ERROR;
				CLANG_WARN_DOCUMENTATION_COMMENTS = YES;
				CLANG_WARN_EMPTY_BODY = YES;
				CLANG_WARN_ENUM_CONVERSION = YES;
				CLANG_WARN_INFINITE_RECURSION = YES;
				CLANG_WARN_INT_CONVERSION = YES;
				CLANG_WARN_NON_LITERAL_NULL_CONVERSION = YES;
				CLANG_WARN_OBJC_LITERAL_CONVERSION = YES;
				CLANG_WARN_OBJC_ROOT_CLASS = YES_ERROR;
				CLANG_WARN_RANGE_LOOP_ANALYSIS = YES;
				CLANG_WARN_STRICT_PROTOTYPES = YES;
				CLANG_WARN_SUSPICIOUS_MOVE = YES;
				CLANG_WARN_UNGUARDED_AVAILABILITY = YES_AGGRESSIVE;
				CLANG_WARN_UNREACHABLE_CODE = YES;
				CLANG_WARN__DUPLICATE_METHOD_MATCH = YES;
				CODE_SIGN_IDENTITY = "iPhone Developer";
				COPY_PHASE_STRIP = NO;
				DEBUG_INFORMATION_FORMAT = "dwarf-with-dsym";
				ENABLE_NS_ASSERTIONS = NO;
				ENABLE_STRICT_OBJC_MSGSEND = YES;
				GCC_C_LANGUAGE_STANDARD = gnu11;
				GCC_NO_COMMON_BLOCKS = YES;
				GCC_WARN_64_TO_32_BIT_CONVERSION = YES;
				GCC_WARN_ABOUT_RETURN_TYPE = YES_ERROR;
				GCC_WARN_UNDECLARED_SELECTOR = YES;
				GCC_WARN_UNINITIALIZED_AUTOS = YES_AGGRESSIVE;
				GCC_WARN_UNUSED_FUNCTION = YES;
				GCC_WARN_UNUSED_VARIABLE = YES;
				IPHONEOS_DEPLOYMENT_TARGET = 11.2;
				MTL_ENABLE_DEBUG_INFO = NO;
				SDKROOT = iphoneos;
				SWIFT_OPTIMIZATION_LEVEL = "-Owholemodule";
				VALIDATE_PRODUCT = YES;
			};
			name = Release;
		};
		35D421BE2019FF07006FA546 /* Debug */ = {
			isa = XCBuildConfiguration;
			buildSettings = {
				ASSETCATALOG_COMPILER_APPICON_NAME = AppIcon;
				CODE_SIGN_STYLE = Automatic;
				DEVELOPMENT_TEAM = 67459ZGRXW;
				FRAMEWORK_SEARCH_PATHS = (
					"$(inherited)",
					"$(PROJECT_DIR)",
				);
				INFOPLIST_FILE = "MovaGettySearch/Supporting Files/Info.plist";
				IPHONEOS_DEPLOYMENT_TARGET = 10.0;
				LD_RUNPATH_SEARCH_PATHS = "$(inherited) @executable_path/Frameworks";
				PRODUCT_BUNDLE_IDENTIFIER = misesin.MovaGettySearch;
				PRODUCT_NAME = "$(TARGET_NAME)";
				SWIFT_VERSION = 4.0;
				TARGETED_DEVICE_FAMILY = "1,2";
			};
			name = Debug;
		};
		35D421BF2019FF07006FA546 /* Release */ = {
			isa = XCBuildConfiguration;
			buildSettings = {
				ASSETCATALOG_COMPILER_APPICON_NAME = AppIcon;
				CODE_SIGN_STYLE = Automatic;
				DEVELOPMENT_TEAM = 67459ZGRXW;
				FRAMEWORK_SEARCH_PATHS = (
					"$(inherited)",
					"$(PROJECT_DIR)",
				);
				INFOPLIST_FILE = "MovaGettySearch/Supporting Files/Info.plist";
				IPHONEOS_DEPLOYMENT_TARGET = 10.0;
				LD_RUNPATH_SEARCH_PATHS = "$(inherited) @executable_path/Frameworks";
				PRODUCT_BUNDLE_IDENTIFIER = misesin.MovaGettySearch;
				PRODUCT_NAME = "$(TARGET_NAME)";
				SWIFT_VERSION = 4.0;
				TARGETED_DEVICE_FAMILY = "1,2";
			};
			name = Release;
		};
/* End XCBuildConfiguration section */

/* Begin XCConfigurationList section */
		35D421A62019FF07006FA546 /* Build configuration list for PBXProject "MovaGettySearch" */ = {
			isa = XCConfigurationList;
			buildConfigurations = (
				35D421BB2019FF07006FA546 /* Debug */,
				35D421BC2019FF07006FA546 /* Release */,
			);
			defaultConfigurationIsVisible = 0;
			defaultConfigurationName = Release;
		};
		35D421BD2019FF07006FA546 /* Build configuration list for PBXNativeTarget "MovaGettySearch" */ = {
			isa = XCConfigurationList;
			buildConfigurations = (
				35D421BE2019FF07006FA546 /* Debug */,
				35D421BF2019FF07006FA546 /* Release */,
			);
			defaultConfigurationIsVisible = 0;
			defaultConfigurationName = Release;
		};
/* End XCConfigurationList section */
	};
	rootObject = 35D421A32019FF07006FA546 /* Project object */;
}
